
Microsoft Visual Studio Solution File, Format Version 12.00
# Visual Studio Version 16
VisualStudioVersion = 16.0.30204.135
MinimumVisualStudioVersion = 10.0.40219.1
Project("{2150E333-8FDC-42A3-9474-1A3956D46DE8}") = "BackEnd", "BackEnd", "{6AB42C72-1D7C-45AE-A420-1BC9324836DB}"
EndProject
Project("{9A19103F-16F7-4668-BE54-9A1E7A4F7556}") = "App.Core", "App.Core\App.Core.csproj", "{21969563-B631-45FB-9054-68D178BF3CE5}"
EndProject
Project("{9A19103F-16F7-4668-BE54-9A1E7A4F7556}") = "App.Api", "App.Api\App.Api.csproj", "{A88259B3-4138-467B-AA93-552D60DF448E}"
EndProject
Project("{9A19103F-16F7-4668-BE54-9A1E7A4F7556}") = "App.Infra", "App.Infra\App.Infra.csproj", "{A9C48F04-1AF4-43F8-8F4C-EB90DEC5F308}"
EndProject
Project("{FAE04EC0-301F-11D3-BF4B-00C04F79EFBC}") = "App.Test", "App.Test\App.Test.csproj", "{7C8C1ED1-A78B-4316-8B53-D847A28BE101}"
EndProject
Global
	GlobalSection(SolutionConfigurationPlatforms) = preSolution
		Debug|Any CPU = Debug|Any CPU
		Release|Any CPU = Release|Any CPU
	EndGlobalSection
	GlobalSection(ProjectConfigurationPlatforms) = postSolution
		{21969563-B631-45FB-9054-68D178BF3CE5}.Debug|Any CPU.ActiveCfg = Debug|Any CPU
		{21969563-B631-45FB-9054-68D178BF3CE5}.Debug|Any CPU.Build.0 = Debug|Any CPU
		{21969563-B631-45FB-9054-68D178BF3CE5}.Release|Any CPU.ActiveCfg = Release|Any CPU
		{21969563-B631-45FB-9054-68D178BF3CE5}.Release|Any CPU.Build.0 = Release|Any CPU
		{A88259B3-4138-467B-AA93-552D60DF448E}.Debug|Any CPU.ActiveCfg = Debug|Any CPU
		{A88259B3-4138-467B-AA93-552D60DF448E}.Debug|Any CPU.Build.0 = Debug|Any CPU
		{A88259B3-4138-467B-AA93-552D60DF448E}.Release|Any CPU.ActiveCfg = Release|Any CPU
		{A88259B3-4138-467B-AA93-552D60DF448E}.Release|Any CPU.Build.0 = Release|Any CPU
		{A9C48F04-1AF4-43F8-8F4C-EB90DEC5F308}.Debug|Any CPU.ActiveCfg = Debug|Any CPU
		{A9C48F04-1AF4-43F8-8F4C-EB90DEC5F308}.Debug|Any CPU.Build.0 = Debug|Any CPU
		{A9C48F04-1AF4-43F8-8F4C-EB90DEC5F308}.Release|Any CPU.ActiveCfg = Release|Any CPU
		{A9C48F04-1AF4-43F8-8F4C-EB90DEC5F308}.Release|Any CPU.Build.0 = Release|Any CPU
		{7C8C1ED1-A78B-4316-8B53-D847A28BE101}.Debug|Any CPU.ActiveCfg = Debug|Any CPU
		{7C8C1ED1-A78B-4316-8B53-D847A28BE101}.Debug|Any CPU.Build.0 = Debug|Any CPU
		{7C8C1ED1-A78B-4316-8B53-D847A28BE101}.Release|Any CPU.ActiveCfg = Release|Any CPU
		{7C8C1ED1-A78B-4316-8B53-D847A28BE101}.Release|Any CPU.Build.0 = Release|Any CPU
	EndGlobalSection
	GlobalSection(SolutionProperties) = preSolution
		HideSolutionNode = FALSE
	EndGlobalSection
	GlobalSection(NestedProjects) = preSolution
		{21969563-B631-45FB-9054-68D178BF3CE5} = {6AB42C72-1D7C-45AE-A420-1BC9324836DB}
		{A88259B3-4138-467B-AA93-552D60DF448E} = {6AB42C72-1D7C-45AE-A420-1BC9324836DB}
		{A9C48F04-1AF4-43F8-8F4C-EB90DEC5F308} = {6AB42C72-1D7C-45AE-A420-1BC9324836DB}
		{7C8C1ED1-A78B-4316-8B53-D847A28BE101} = {6AB42C72-1D7C-45AE-A420-1BC9324836DB}
	EndGlobalSection
	GlobalSection(ExtensibilityGlobals) = postSolution
		SolutionGuid = {A026E182-24B3-4672-B140-2DA8B7257519}
	EndGlobalSection
EndGlobal
